{
  "originHash" : "279cd288a2031b6742b473df124cf64f21d78d154cc2a5ce3d2518f03dfc8e05",
  "pins" : [
    {
      "identity" : "xenopompessentials",
      "kind" : "remoteSourceControl",
      "location" : "https://github.com/XenoPOMP/XenopompEssentials.git",
      "state" : {
        "revision" : "69fc3e1cfcac734a2629dee9d2c9a57e5a7d5ea8",
        "version" : "0.0.11"
      }
    }
  ],
  "version" : 3
}
